
Microsoft Visual Studio Solution File, Format Version 12.00
# Visual Studio Version 16
VisualStudioVersion = 16.0.30517.126
MinimumVisualStudioVersion = 10.0.40219.1
Project("{FAE04EC0-301F-11D3-BF4B-00C04F79EFBC}") = "PersonalBlog", "PersonalBlog.csproj", "{C83B2309-5902-4D5E-8BF5-639BC0473439}"
EndProject
Global
	GlobalSection(SolutionConfigurationPlatforms) = preSolution
		Debug|Any CPU = Debug|Any CPU
		Release|Any CPU = Release|Any CPU
	EndGlobalSection
	GlobalSection(ProjectConfigurationPlatforms) = postSolution
		{C83B2309-5902-4D5E-8BF5-639BC0473439}.Debug|Any CPU.ActiveCfg = Debug|Any CPU
		{C83B2309-5902-4D5E-8BF5-639BC0473439}.Debug|Any CPU.Build.0 = Debug|Any CPU
		{C83B2309-5902-4D5E-8BF5-639BC0473439}.Release|Any CPU.ActiveCfg = Release|Any CPU
		{C83B2309-5902-4D5E-8BF5-639BC0473439}.Release|Any CPU.Build.0 = Release|Any CPU
	EndGlobalSection
	GlobalSection(SolutionProperties) = preSolution
		HideSolutionNode = FALSE
	EndGlobalSection
	GlobalSection(ExtensibilityGlobals) = postSolution
		SolutionGuid = {CF68003B-A2F0-4220-8DDF-A1E4A2AB761E}
	EndGlobalSection
EndGlobal
